
Microsoft Visual Studio Solution File, Format Version 12.00
# Visual Studio Version 17
VisualStudioVersion = 17.10.35027.167
MinimumVisualStudioVersion = 10.0.40219.1
Project("{FAE04EC0-301F-11D3-BF4B-00C04F79EFBC}") = "SalesInventory.Server", "Server\SalesInventory.Server.csproj", "{DBED7A22-2444-462E-B66F-C6CBC5234A3E}"
EndProject
Project("{FAE04EC0-301F-11D3-BF4B-00C04F79EFBC}") = "SalesInventory.Client", "Client\SalesInventory.Client.csproj", "{5F948BCD-959A-411D-8BD3-1F1260043F35}"
EndProject
Project("{FAE04EC0-301F-11D3-BF4B-00C04F79EFBC}") = "SalesInventory.Shared", "Shared\SalesInventory.Shared.csproj", "{6A3B4002-4CC9-493E-A262-A20A2308EE54}"
EndProject
Global
	GlobalSection(SolutionConfigurationPlatforms) = preSolution
		Debug|Any CPU = Debug|Any CPU
		Release|Any CPU = Release|Any CPU
	EndGlobalSection
	GlobalSection(ProjectConfigurationPlatforms) = postSolution
		{DBED7A22-2444-462E-B66F-C6CBC5234A3E}.Debug|Any CPU.ActiveCfg = Debug|Any CPU
		{DBED7A22-2444-462E-B66F-C6CBC5234A3E}.Debug|Any CPU.Build.0 = Debug|Any CPU
		{DBED7A22-2444-462E-B66F-C6CBC5234A3E}.Release|Any CPU.ActiveCfg = Release|Any CPU
		{DBED7A22-2444-462E-B66F-C6CBC5234A3E}.Release|Any CPU.Build.0 = Release|Any CPU
		{5F948BCD-959A-411D-8BD3-1F1260043F35}.Debug|Any CPU.ActiveCfg = Debug|Any CPU
		{5F948BCD-959A-411D-8BD3-1F1260043F35}.Debug|Any CPU.Build.0 = Debug|Any CPU
		{5F948BCD-959A-411D-8BD3-1F1260043F35}.Release|Any CPU.ActiveCfg = Release|Any CPU
		{5F948BCD-959A-411D-8BD3-1F1260043F35}.Release|Any CPU.Build.0 = Release|Any CPU
		{6A3B4002-4CC9-493E-A262-A20A2308EE54}.Debug|Any CPU.ActiveCfg = Debug|Any CPU
		{6A3B4002-4CC9-493E-A262-A20A2308EE54}.Debug|Any CPU.Build.0 = Debug|Any CPU
		{6A3B4002-4CC9-493E-A262-A20A2308EE54}.Release|Any CPU.ActiveCfg = Release|Any CPU
		{6A3B4002-4CC9-493E-A262-A20A2308EE54}.Release|Any CPU.Build.0 = Release|Any CPU
	EndGlobalSection
	GlobalSection(SolutionProperties) = preSolution
		HideSolutionNode = FALSE
	EndGlobalSection
	GlobalSection(ExtensibilityGlobals) = postSolution
		SolutionGuid = {1194D2DC-1B8F-4AF5-BC26-9DC899291294}
	EndGlobalSection
EndGlobal
